
Microsoft Visual Studio Solution File, Format Version 12.00
# Visual Studio Version 16
VisualStudioVersion = 16.0.31424.327
MinimumVisualStudioVersion = 10.0.40219.1
Project("{FAE04EC0-301F-11D3-BF4B-00C04F79EFBC}") = "Puma.UWP", "Puma\Puma.UWP\Puma.UWP.csproj", "{D604FA81-9480-4F7D-BD40-A52375330C43}"
EndProject
Project("{FAE04EC0-301F-11D3-BF4B-00C04F79EFBC}") = "Puma.Android", "Puma\Puma.Android\Puma.Android.csproj", "{C459193B-9D89-4D39-AC28-3CF9704832C0}"
EndProject
Project("{FAE04EC0-301F-11D3-BF4B-00C04F79EFBC}") = "Puma.iOS", "Puma\Puma.iOS\Puma.iOS.csproj", "{33718A31-D7A0-4F1E-B724-3F8C0CA825F8}"
EndProject
Project("{FAE04EC0-301F-11D3-BF4B-00C04F79EFBC}") = "Puma", "Puma\Puma\Puma.csproj", "{65125019-AC67-42CF-B8E1-3B9F9357C7F0}"
EndProject
Global
	GlobalSection(SolutionConfigurationPlatforms) = preSolution
		Debug|Any CPU = Debug|Any CPU
		Debug|ARM = Debug|ARM
		Debug|iPhone = Debug|iPhone
		Debug|iPhoneSimulator = Debug|iPhoneSimulator
		Debug|x64 = Debug|x64
		Debug|x86 = Debug|x86
		Release|Any CPU = Release|Any CPU
		Release|ARM = Release|ARM
		Release|iPhone = Release|iPhone
		Release|iPhoneSimulator = Release|iPhoneSimulator
		Release|x64 = Release|x64
		Release|x86 = Release|x86
	EndGlobalSection
	GlobalSection(ProjectConfigurationPlatforms) = postSolution
		{D604FA81-9480-4F7D-BD40-A52375330C43}.Debug|Any CPU.ActiveCfg = Debug|x86
		{D604FA81-9480-4F7D-BD40-A52375330C43}.Debug|Any CPU.Build.0 = Debug|x86
		{D604FA81-9480-4F7D-BD40-A52375330C43}.Debug|Any CPU.Deploy.0 = Debug|x86
		{D604FA81-9480-4F7D-BD40-A52375330C43}.Debug|ARM.ActiveCfg = Debug|ARM
		{D604FA81-9480-4F7D-BD40-A52375330C43}.Debug|ARM.Build.0 = Debug|ARM
		{D604FA81-9480-4F7D-BD40-A52375330C43}.Debug|ARM.Deploy.0 = Debug|ARM
		{D604FA81-9480-4F7D-BD40-A52375330C43}.Debug|iPhone.ActiveCfg = Debug|x86
		{D604FA81-9480-4F7D-BD40-A52375330C43}.Debug|iPhone.Build.0 = Debug|x86
		{D604FA81-9480-4F7D-BD40-A52375330C43}.Debug|iPhone.Deploy.0 = Debug|x86
		{D604FA81-9480-4F7D-BD40-A52375330C43}.Debug|iPhoneSimulator.ActiveCfg = Debug|x86
		{D604FA81-9480-4F7D-BD40-A52375330C43}.Debug|iPhoneSimulator.Build.0 = Debug|x86
		{D604FA81-9480-4F7D-BD40-A52375330C43}.Debug|iPhoneSimulator.Deploy.0 = Debug|x86
		{D604FA81-9480-4F7D-BD40-A52375330C43}.Debug|x64.ActiveCfg = Debug|x64
		{D604FA81-9480-4F7D-BD40-A52375330C43}.Debug|x64.Build.0 = Debug|x64
		{D604FA81-9480-4F7D-BD40-A52375330C43}.Debug|x64.Deploy.0 = Debug|x64
		{D604FA81-9480-4F7D-BD40-A52375330C43}.Debug|x86.ActiveCfg = Debug|x86
		{D604FA81-9480-4F7D-BD40-A52375330C43}.Debug|x86.Build.0 = Debug|x86
		{D604FA81-9480-4F7D-BD40-A52375330C43}.Debug|x86.Deploy.0 = Debug|x86
		{D604FA81-9480-4F7D-BD40-A52375330C43}.Release|Any CPU.ActiveCfg = Release|x86
		{D604FA81-9480-4F7D-BD40-A52375330C43}.Release|Any CPU.Build.0 = Release|x86
		{D604FA81-9480-4F7D-BD40-A52375330C43}.Release|Any CPU.Deploy.0 = Release|x86
		{D604FA81-9480-4F7D-BD40-A52375330C43}.Release|ARM.ActiveCfg = Release|ARM
		{D604FA81-9480-4F7D-BD40-A52375330C43}.Release|ARM.Build.0 = Release|ARM
		{D604FA81-9480-4F7D-BD40-A52375330C43}.Release|ARM.Deploy.0 = Release|ARM
		{D604FA81-9480-4F7D-BD40-A52375330C43}.Release|iPhone.ActiveCfg = Release|x86
		{D604FA81-9480-4F7D-BD40-A52375330C43}.Release|iPhone.Build.0 = Release|x86
		{D604FA81-9480-4F7D-BD40-A52375330C43}.Release|iPhone.Deploy.0 = Release|x86
		{D604FA81-9480-4F7D-BD40-A52375330C43}.Release|iPhoneSimulator.ActiveCfg = Release|x86
		{D604FA81-9480-4F7D-BD40-A52375330C43}.Release|iPhoneSimulator.Build.0 = Release|x86
		{D604FA81-9480-4F7D-BD40-A52375330C43}.Release|iPhoneSimulator.Deploy.0 = Release|x86
		{D604FA81-9480-4F7D-BD40-A52375330C43}.Release|x64.ActiveCfg = Release|x64
		{D604FA81-9480-4F7D-BD40-A52375330C43}.Release|x64.Build.0 = Release|x64
		{D604FA81-9480-4F7D-BD40-A52375330C43}.Release|x64.Deploy.0 = Release|x64
		{D604FA81-9480-4F7D-BD40-A52375330C43}.Release|x86.ActiveCfg = Release|x86
		{D604FA81-9480-4F7D-BD40-A52375330C43}.Release|x86.Build.0 = Release|x86
		{D604FA81-9480-4F7D-BD40-A52375330C43}.Release|x86.Deploy.0 = Release|x86
		{C459193B-9D89-4D39-AC28-3CF9704832C0}.Debug|Any CPU.ActiveCfg = Debug|Any CPU
		{C459193B-9D89-4D39-AC28-3CF9704832C0}.Debug|Any CPU.Build.0 = Debug|Any CPU
		{C459193B-9D89-4D39-AC28-3CF9704832C0}.Debug|Any CPU.Deploy.0 = Debug|Any CPU
		{C459193B-9D89-4D39-AC28-3CF9704832C0}.Debug|ARM.ActiveCfg = Debug|Any CPU
		{C459193B-9D89-4D39-AC28-3CF9704832C0}.Debug|ARM.Build.0 = Debug|Any CPU
		{C459193B-9D89-4D39-AC28-3CF9704832C0}.Debug|ARM.Deploy.0 = Debug|Any CPU
		{C459193B-9D89-4D39-AC28-3CF9704832C0}.Debug|iPhone.ActiveCfg = Debug|Any CPU
		{C459193B-9D89-4D39-AC28-3CF9704832C0}.Debug|iPhone.Build.0 = Debug|Any CPU
		{C459193B-9D89-4D39-AC28-3CF9704832C0}.Debug|iPhone.Deploy.0 = Debug|Any CPU
		{C459193B-9D89-4D39-AC28-3CF9704832C0}.Debug|iPhoneSimulator.ActiveCfg = Debug|Any CPU
		{C459193B-9D89-4D39-AC28-3CF9704832C0}.Debug|iPhoneSimulator.Build.0 = Debug|Any CPU
		{C459193B-9D89-4D39-AC28-3CF9704832C0}.Debug|iPhoneSimulator.Deploy.0 = Debug|Any CPU
		{C459193B-9D89-4D39-AC28-3CF9704832C0}.Debug|x64.ActiveCfg = Debug|Any CPU
		{C459193B-9D89-4D39-AC28-3CF9704832C0}.Debug|x64.Build.0 = Debug|Any CPU
		{C459193B-9D89-4D39-AC28-3CF9704832C0}.Debug|x64.Deploy.0 = Debug|Any CPU
		{C459193B-9D89-4D39-AC28-3CF9704832C0}.Debug|x86.ActiveCfg = Debug|Any CPU
		{C459193B-9D89-4D39-AC28-3CF9704832C0}.Debug|x86.Build.0 = Debug|Any CPU
		{C459193B-9D89-4D39-AC28-3CF9704832C0}.Debug|x86.Deploy.0 = Debug|Any CPU
		{C459193B-9D89-4D39-AC28-3CF9704832C0}.Release|Any CPU.ActiveCfg = Release|Any CPU
		{C459193B-9D89-4D39-AC28-3CF9704832C0}.Release|Any CPU.Build.0 = Release|Any CPU
		{C459193B-9D89-4D39-AC28-3CF9704832C0}.Release|Any CPU.Deploy.0 = Release|Any CPU
		{C459193B-9D89-4D39-AC28-3CF9704832C0}.Release|ARM.ActiveCfg = Release|Any CPU
		{C459193B-9D89-4D39-AC28-3CF9704832C0}.Release|ARM.Build.0 = Release|Any CPU
		{C459193B-9D89-4D39-AC28-3CF9704832C0}.Release|ARM.Deploy.0 = Release|Any CPU
		{C459193B-9D89-4D39-AC28-3CF9704832C0}.Release|iPhone.ActiveCfg = Release|Any CPU
		{C459193B-9D89-4D39-AC28-3CF9704832C0}.Release|iPhone.Build.0 = Release|Any CPU
		{C459193B-9D89-4D39-AC28-3CF9704832C0}.Release|iPhone.Deploy.0 = Release|Any CPU
		{C459193B-9D89-4D39-AC28-3CF9704832C0}.Release|iPhoneSimulator.ActiveCfg = Release|Any CPU
		{C459193B-9D89-4D39-AC28-3CF9704832C0}.Release|iPhoneSimulator.Build.0 = Release|Any CPU
		{C459193B-9D89-4D39-AC28-3CF9704832C0}.Release|iPhoneSimulator.Deploy.0 = Release|Any CPU
		{C459193B-9D89-4D39-AC28-3CF9704832C0}.Release|x64.ActiveCfg = Release|Any CPU
		{C459193B-9D89-4D39-AC28-3CF9704832C0}.Release|x64.Build.0 = Release|Any CPU
		{C459193B-9D89-4D39-AC28-3CF9704832C0}.Release|x64.Deploy.0 = Release|Any CPU
		{C459193B-9D89-4D39-AC28-3CF9704832C0}.Release|x86.ActiveCfg = Release|Any CPU
		{C459193B-9D89-4D39-AC28-3CF9704832C0}.Release|x86.Build.0 = Release|Any CPU
		{C459193B-9D89-4D39-AC28-3CF9704832C0}.Release|x86.Deploy.0 = Release|Any CPU
		{33718A31-D7A0-4F1E-B724-3F8C0CA825F8}.Debug|Any CPU.ActiveCfg = Debug|iPhoneSimulator
		{33718A31-D7A0-4F1E-B724-3F8C0CA825F8}.Debug|Any CPU.Build.0 = Debug|iPhoneSimulator
		{33718A31-D7A0-4F1E-B724-3F8C0CA825F8}.Debug|Any CPU.Deploy.0 = Debug|iPhoneSimulator
		{33718A31-D7A0-4F1E-B724-3F8C0CA825F8}.Debug|ARM.ActiveCfg = Debug|iPhone
		{33718A31-D7A0-4F1E-B724-3F8C0CA825F8}.Debug|ARM.Build.0 = Debug|iPhone
		{33718A31-D7A0-4F1E-B724-3F8C0CA825F8}.Debug|ARM.Deploy.0 = Debug|iPhone
		{33718A31-D7A0-4F1E-B724-3F8C0CA825F8}.Debug|iPhone.ActiveCfg = Debug|iPhone
		{33718A31-D7A0-4F1E-B724-3F8C0CA825F8}.Debug|iPhone.Build.0 = Debug|iPhone
		{33718A31-D7A0-4F1E-B724-3F8C0CA825F8}.Debug|iPhone.Deploy.0 = Debug|iPhone
		{33718A31-D7A0-4F1E-B724-3F8C0CA825F8}.Debug|iPhoneSimulator.ActiveCfg = Debug|iPhoneSimulator
		{33718A31-D7A0-4F1E-B724-3F8C0CA825F8}.Debug|iPhoneSimulator.Build.0 = Debug|iPhoneSimulator
		{33718A31-D7A0-4F1E-B724-3F8C0CA825F8}.Debug|iPhoneSimulator.Deploy.0 = Debug|iPhoneSimulator
		{33718A31-D7A0-4F1E-B724-3F8C0CA825F8}.Debug|x64.ActiveCfg = Debug|iPhoneSimulator
		{33718A31-D7A0-4F1E-B724-3F8C0CA825F8}.Debug|x64.Build.0 = Debug|iPhoneSimulator
		{33718A31-D7A0-4F1E-B724-3F8C0CA825F8}.Debug|x64.Deploy.0 = Debug|iPhoneSimulator
		{33718A31-D7A0-4F1E-B724-3F8C0CA825F8}.Debug|x86.ActiveCfg = Debug|iPhoneSimulator
		{33718A31-D7A0-4F1E-B724-3F8C0CA825F8}.Debug|x86.Build.0 = Debug|iPhoneSimulator
		{33718A31-D7A0-4F1E-B724-3F8C0CA825F8}.Debug|x86.Deploy.0 = Debug|iPhoneSimulator
		{33718A31-D7A0-4F1E-B724-3F8C0CA825F8}.Release|Any CPU.ActiveCfg = Release|iPhoneSimulator
		{33718A31-D7A0-4F1E-B724-3F8C0CA825F8}.Release|Any CPU.Build.0 = Release|iPhoneSimulator
		{33718A31-D7A0-4F1E-B724-3F8C0CA825F8}.Release|Any CPU.Deploy.0 = Release|iPhoneSimulator
		{33718A31-D7A0-4F1E-B724-3F8C0CA825F8}.Release|ARM.ActiveCfg = Release|iPhoneSimulator
		{33718A31-D7A0-4F1E-B724-3F8C0CA825F8}.Release|ARM.Build.0 = Release|iPhoneSimulator
		{33718A31-D7A0-4F1E-B724-3F8C0CA825F8}.Release|ARM.Deploy.0 = Release|iPhoneSimulator
		{33718A31-D7A0-4F1E-B724-3F8C0CA825F8}.Release|iPhone.ActiveCfg = Release|iPhone
		{33718A31-D7A0-4F1E-B724-3F8C0CA825F8}.Release|iPhone.Build.0 = Release|iPhone
		{33718A31-D7A0-4F1E-B724-3F8C0CA825F8}.Release|iPhone.Deploy.0 = Release|iPhone
		{33718A31-D7A0-4F1E-B724-3F8C0CA825F8}.Release|iPhoneSimulator.ActiveCfg = Release|iPhoneSimulator
		{33718A31-D7A0-4F1E-B724-3F8C0CA825F8}.Release|iPhoneSimulator.Build.0 = Release|iPhoneSimulator
		{33718A31-D7A0-4F1E-B724-3F8C0CA825F8}.Release|iPhoneSimulator.Deploy.0 = Release|iPhoneSimulator
		{33718A31-D7A0-4F1E-B724-3F8C0CA825F8}.Release|x64.ActiveCfg = Release|iPhoneSimulator
		{33718A31-D7A0-4F1E-B724-3F8C0CA825F8}.Release|x64.Build.0 = Release|iPhoneSimulator
		{33718A31-D7A0-4F1E-B724-3F8C0CA825F8}.Release|x64.Deploy.0 = Release|iPhoneSimulator
		{33718A31-D7A0-4F1E-B724-3F8C0CA825F8}.Release|x86.ActiveCfg = Release|iPhoneSimulator
		{33718A31-D7A0-4F1E-B724-3F8C0CA825F8}.Release|x86.Build.0 = Release|iPhoneSimulator
		{33718A31-D7A0-4F1E-B724-3F8C0CA825F8}.Release|x86.Deploy.0 = Release|iPhoneSimulator
		{65125019-AC67-42CF-B8E1-3B9F9357C7F0}.Debug|Any CPU.ActiveCfg = Debug|Any CPU
		{65125019-AC67-42CF-B8E1-3B9F9357C7F0}.Debug|Any CPU.Build.0 = Debug|Any CPU
		{65125019-AC67-42CF-B8E1-3B9F9357C7F0}.Debug|Any CPU.Deploy.0 = Debug|Any CPU
		{65125019-AC67-42CF-B8E1-3B9F9357C7F0}.Debug|ARM.ActiveCfg = Debug|Any CPU
		{65125019-AC67-42CF-B8E1-3B9F9357C7F0}.Debug|ARM.Build.0 = Debug|Any CPU
		{65125019-AC67-42CF-B8E1-3B9F9357C7F0}.Debug|ARM.Deploy.0 = Debug|Any CPU
		{65125019-AC67-42CF-B8E1-3B9F9357C7F0}.Debug|iPhone.ActiveCfg = Debug|Any CPU
		{65125019-AC67-42CF-B8E1-3B9F9357C7F0}.Debug|iPhone.Build.0 = Debug|Any CPU
		{65125019-AC67-42CF-B8E1-3B9F9357C7F0}.Debug|iPhone.Deploy.0 = Debug|Any CPU
		{65125019-AC67-42CF-B8E1-3B9F9357C7F0}.Debug|iPhoneSimulator.ActiveCfg = Debug|Any CPU
		{65125019-AC67-42CF-B8E1-3B9F9357C7F0}.Debug|iPhoneSimulator.Build.0 = Debug|Any CPU
		{65125019-AC67-42CF-B8E1-3B9F9357C7F0}.Debug|iPhoneSimulator.Deploy.0 = Debug|Any CPU
		{65125019-AC67-42CF-B8E1-3B9F9357C7F0}.Debug|x64.ActiveCfg = Debug|Any CPU
		{65125019-AC67-42CF-B8E1-3B9F9357C7F0}.Debug|x64.Build.0 = Debug|Any CPU
		{65125019-AC67-42CF-B8E1-3B9F9357C7F0}.Debug|x64.Deploy.0 = Debug|Any CPU
		{65125019-AC67-42CF-B8E1-3B9F9357C7F0}.Debug|x86.ActiveCfg = Debug|Any CPU
		{65125019-AC67-42CF-B8E1-3B9F9357C7F0}.Debug|x86.Build.0 = Debug|Any CPU
		{65125019-AC67-42CF-B8E1-3B9F9357C7F0}.Debug|x86.Deploy.0 = Debug|Any CPU
		{65125019-AC67-42CF-B8E1-3B9F9357C7F0}.Release|Any CPU.ActiveCfg = Release|Any CPU
		{65125019-AC67-42CF-B8E1-3B9F9357C7F0}.Release|Any CPU.Build.0 = Release|Any CPU
		{65125019-AC67-42CF-B8E1-3B9F9357C7F0}.Release|Any CPU.Deploy.0 = Release|Any CPU
		{65125019-AC67-42CF-B8E1-3B9F9357C7F0}.Release|ARM.ActiveCfg = Release|Any CPU
		{65125019-AC67-42CF-B8E1-3B9F9357C7F0}.Release|ARM.Build.0 = Release|Any CPU
		{65125019-AC67-42CF-B8E1-3B9F9357C7F0}.Release|ARM.Deploy.0 = Release|Any CPU
		{65125019-AC67-42CF-B8E1-3B9F9357C7F0}.Release|iPhone.ActiveCfg = Release|Any CPU
		{65125019-AC67-42CF-B8E1-3B9F9357C7F0}.Release|iPhone.Build.0 = Release|Any CPU
		{65125019-AC67-42CF-B8E1-3B9F9357C7F0}.Release|iPhone.Deploy.0 = Release|Any CPU
		{65125019-AC67-42CF-B8E1-3B9F9357C7F0}.Release|iPhoneSimulator.ActiveCfg = Release|Any CPU
		{65125019-AC67-42CF-B8E1-3B9F9357C7F0}.Release|iPhoneSimulator.Build.0 = Release|Any CPU
		{65125019-AC67-42CF-B8E1-3B9F9357C7F0}.Release|iPhoneSimulator.Deploy.0 = Release|Any CPU
		{65125019-AC67-42CF-B8E1-3B9F9357C7F0}.Release|x64.ActiveCfg = Release|Any CPU
		{65125019-AC67-42CF-B8E1-3B9F9357C7F0}.Release|x64.Build.0 = Release|Any CPU
		{65125019-AC67-42CF-B8E1-3B9F9357C7F0}.Release|x64.Deploy.0 = Release|Any CPU
		{65125019-AC67-42CF-B8E1-3B9F9357C7F0}.Release|x86.ActiveCfg = Release|Any CPU
		{65125019-AC67-42CF-B8E1-3B9F9357C7F0}.Release|x86.Build.0 = Release|Any CPU
		{65125019-AC67-42CF-B8E1-3B9F9357C7F0}.Release|x86.Deploy.0 = Release|Any CPU
	EndGlobalSection
	GlobalSection(SolutionProperties) = preSolution
		HideSolutionNode = FALSE
	EndGlobalSection
	GlobalSection(ExtensibilityGlobals) = postSolution
		SolutionGuid = {4717601B-C453-4A9F-B8CF-3714EB01C84E}
	EndGlobalSection
EndGlobal
