
Microsoft Visual Studio Solution File, Format Version 12.00
# Visual Studio Version 17
VisualStudioVersion = 17.0.32014.148
MinimumVisualStudioVersion = 10.0.40219.1
Project("{9A19103F-16F7-4668-BE54-9A1E7A4F7556}") = "API", "API\API.csproj", "{A8660AF2-3424-41DB-81C6-B42B0F08EDEA}"
EndProject
Project("{9A19103F-16F7-4668-BE54-9A1E7A4F7556}") = "Logic", "Logic\Logic.csproj", "{2CC67C4B-0A48-477B-B5F2-0990B5C39BF2}"
EndProject
Project("{9A19103F-16F7-4668-BE54-9A1E7A4F7556}") = "PumaDbLibrary", "PumaDbLibrary\PumaDbLibrary.csproj", "{6667BA53-52E6-4C0F-B7AB-41CEAFA7FCD5}"
EndProject
Global
	GlobalSection(SolutionConfigurationPlatforms) = preSolution
		Debug|Any CPU = Debug|Any CPU
		Release|Any CPU = Release|Any CPU
	EndGlobalSection
	GlobalSection(ProjectConfigurationPlatforms) = postSolution
		{A8660AF2-3424-41DB-81C6-B42B0F08EDEA}.Debug|Any CPU.ActiveCfg = Debug|Any CPU
		{A8660AF2-3424-41DB-81C6-B42B0F08EDEA}.Debug|Any CPU.Build.0 = Debug|Any CPU
		{A8660AF2-3424-41DB-81C6-B42B0F08EDEA}.Release|Any CPU.ActiveCfg = Release|Any CPU
		{A8660AF2-3424-41DB-81C6-B42B0F08EDEA}.Release|Any CPU.Build.0 = Release|Any CPU
		{2CC67C4B-0A48-477B-B5F2-0990B5C39BF2}.Debug|Any CPU.ActiveCfg = Debug|Any CPU
		{2CC67C4B-0A48-477B-B5F2-0990B5C39BF2}.Debug|Any CPU.Build.0 = Debug|Any CPU
		{2CC67C4B-0A48-477B-B5F2-0990B5C39BF2}.Release|Any CPU.ActiveCfg = Release|Any CPU
		{2CC67C4B-0A48-477B-B5F2-0990B5C39BF2}.Release|Any CPU.Build.0 = Release|Any CPU
		{6667BA53-52E6-4C0F-B7AB-41CEAFA7FCD5}.Debug|Any CPU.ActiveCfg = Debug|Any CPU
		{6667BA53-52E6-4C0F-B7AB-41CEAFA7FCD5}.Debug|Any CPU.Build.0 = Debug|Any CPU
		{6667BA53-52E6-4C0F-B7AB-41CEAFA7FCD5}.Release|Any CPU.ActiveCfg = Release|Any CPU
		{6667BA53-52E6-4C0F-B7AB-41CEAFA7FCD5}.Release|Any CPU.Build.0 = Release|Any CPU
	EndGlobalSection
	GlobalSection(SolutionProperties) = preSolution
		HideSolutionNode = FALSE
	EndGlobalSection
	GlobalSection(ExtensibilityGlobals) = postSolution
		SolutionGuid = {EDBD0D57-8333-4E8D-9F22-C10E1F138C0E}
	EndGlobalSection
EndGlobal
